
Microsoft Visual Studio Solution File, Format Version 12.00
# Visual Studio Version 17
VisualStudioVersion = 17.6.33829.357
MinimumVisualStudioVersion = 10.0.40219.1
Project("{8BC9CEB8-8B4A-11D0-8D11-00A0C91BC942}") = "P0077", "P0077\P0077.vcxproj", "{FDD82FE0-967F-43C4-B8B4-E436265C7310}"
EndProject
Project("{8BC9CEB8-8B4A-11D0-8D11-00A0C91BC942}") = "P0099", "P0099\P0099.vcxproj", "{604A345A-8AAF-4528-A42C-8005C3780FCB}"
EndProject
Project("{8BC9CEB8-8B4A-11D0-8D11-00A0C91BC942}") = "P0100", "P0100\P0100.vcxproj", "{C93BD6E1-1F01-44B5-9A16-0AD0AF9B2333}"
EndProject
Project("{8BC9CEB8-8B4A-11D0-8D11-00A0C91BC942}") = "P0080", "P0080\P0080.vcxproj", "{75B07D0F-22D5-4E71-8193-8BE168CF09B8}"
EndProject
Project("{8BC9CEB8-8B4A-11D0-8D11-00A0C91BC942}") = "P0081", "P0081\P0081.vcxproj", "{79FAE29D-09EE-420D-A529-4BA2DDD94060}"
EndProject
Project("{8BC9CEB8-8B4A-11D0-8D11-00A0C91BC942}") = "P0062", "P0062\P0062.vcxproj", "{05DA260E-E185-4F44-882A-23669902CF74}"
EndProject
Project("{8BC9CEB8-8B4A-11D0-8D11-00A0C91BC942}") = "P0068", "P0068\P0068.vcxproj", "{7F075526-3F82-448D-978B-6769419120E8}"
EndProject
Global
	GlobalSection(SolutionConfigurationPlatforms) = preSolution
		Debug|x64 = Debug|x64
		Debug|x86 = Debug|x86
		Release|x64 = Release|x64
		Release|x86 = Release|x86
	EndGlobalSection
	GlobalSection(ProjectConfigurationPlatforms) = postSolution
		{FDD82FE0-967F-43C4-B8B4-E436265C7310}.Debug|x64.ActiveCfg = Debug|x64
		{FDD82FE0-967F-43C4-B8B4-E436265C7310}.Debug|x64.Build.0 = Debug|x64
		{FDD82FE0-967F-43C4-B8B4-E436265C7310}.Debug|x86.ActiveCfg = Debug|Win32
		{FDD82FE0-967F-43C4-B8B4-E436265C7310}.Debug|x86.Build.0 = Debug|Win32
		{FDD82FE0-967F-43C4-B8B4-E436265C7310}.Release|x64.ActiveCfg = Release|x64
		{FDD82FE0-967F-43C4-B8B4-E436265C7310}.Release|x64.Build.0 = Release|x64
		{FDD82FE0-967F-43C4-B8B4-E436265C7310}.Release|x86.ActiveCfg = Release|Win32
		{FDD82FE0-967F-43C4-B8B4-E436265C7310}.Release|x86.Build.0 = Release|Win32
		{604A345A-8AAF-4528-A42C-8005C3780FCB}.Debug|x64.ActiveCfg = Debug|x64
		{604A345A-8AAF-4528-A42C-8005C3780FCB}.Debug|x64.Build.0 = Debug|x64
		{604A345A-8AAF-4528-A42C-8005C3780FCB}.Debug|x86.ActiveCfg = Debug|Win32
		{604A345A-8AAF-4528-A42C-8005C3780FCB}.Debug|x86.Build.0 = Debug|Win32
		{604A345A-8AAF-4528-A42C-8005C3780FCB}.Release|x64.ActiveCfg = Release|x64
		{604A345A-8AAF-4528-A42C-8005C3780FCB}.Release|x64.Build.0 = Release|x64
		{604A345A-8AAF-4528-A42C-8005C3780FCB}.Release|x86.ActiveCfg = Release|Win32
		{604A345A-8AAF-4528-A42C-8005C3780FCB}.Release|x86.Build.0 = Release|Win32
		{C93BD6E1-1F01-44B5-9A16-0AD0AF9B2333}.Debug|x64.ActiveCfg = Debug|x64
		{C93BD6E1-1F01-44B5-9A16-0AD0AF9B2333}.Debug|x64.Build.0 = Debug|x64
		{C93BD6E1-1F01-44B5-9A16-0AD0AF9B2333}.Debug|x86.ActiveCfg = Debug|Win32
		{C93BD6E1-1F01-44B5-9A16-0AD0AF9B2333}.Debug|x86.Build.0 = Debug|Win32
		{C93BD6E1-1F01-44B5-9A16-0AD0AF9B2333}.Release|x64.ActiveCfg = Release|x64
		{C93BD6E1-1F01-44B5-9A16-0AD0AF9B2333}.Release|x64.Build.0 = Release|x64
		{C93BD6E1-1F01-44B5-9A16-0AD0AF9B2333}.Release|x86.ActiveCfg = Release|Win32
		{C93BD6E1-1F01-44B5-9A16-0AD0AF9B2333}.Release|x86.Build.0 = Release|Win32
		{75B07D0F-22D5-4E71-8193-8BE168CF09B8}.Debug|x64.ActiveCfg = Debug|x64
		{75B07D0F-22D5-4E71-8193-8BE168CF09B8}.Debug|x64.Build.0 = Debug|x64
		{75B07D0F-22D5-4E71-8193-8BE168CF09B8}.Debug|x86.ActiveCfg = Debug|Win32
		{75B07D0F-22D5-4E71-8193-8BE168CF09B8}.Debug|x86.Build.0 = Debug|Win32
		{75B07D0F-22D5-4E71-8193-8BE168CF09B8}.Release|x64.ActiveCfg = Release|x64
		{75B07D0F-22D5-4E71-8193-8BE168CF09B8}.Release|x64.Build.0 = Release|x64
		{75B07D0F-22D5-4E71-8193-8BE168CF09B8}.Release|x86.ActiveCfg = Release|Win32
		{75B07D0F-22D5-4E71-8193-8BE168CF09B8}.Release|x86.Build.0 = Release|Win32
		{79FAE29D-09EE-420D-A529-4BA2DDD94060}.Debug|x64.ActiveCfg = Debug|x64
		{79FAE29D-09EE-420D-A529-4BA2DDD94060}.Debug|x64.Build.0 = Debug|x64
		{79FAE29D-09EE-420D-A529-4BA2DDD94060}.Debug|x86.ActiveCfg = Debug|Win32
		{79FAE29D-09EE-420D-A529-4BA2DDD94060}.Debug|x86.Build.0 = Debug|Win32
		{79FAE29D-09EE-420D-A529-4BA2DDD94060}.Release|x64.ActiveCfg = Release|x64
		{79FAE29D-09EE-420D-A529-4BA2DDD94060}.Release|x64.Build.0 = Release|x64
		{79FAE29D-09EE-420D-A529-4BA2DDD94060}.Release|x86.ActiveCfg = Release|Win32
		{79FAE29D-09EE-420D-A529-4BA2DDD94060}.Release|x86.Build.0 = Release|Win32
		{05DA260E-E185-4F44-882A-23669902CF74}.Debug|x64.ActiveCfg = Debug|x64
		{05DA260E-E185-4F44-882A-23669902CF74}.Debug|x64.Build.0 = Debug|x64
		{05DA260E-E185-4F44-882A-23669902CF74}.Debug|x86.ActiveCfg = Debug|Win32
		{05DA260E-E185-4F44-882A-23669902CF74}.Debug|x86.Build.0 = Debug|Win32
		{05DA260E-E185-4F44-882A-23669902CF74}.Release|x64.ActiveCfg = Release|x64
		{05DA260E-E185-4F44-882A-23669902CF74}.Release|x64.Build.0 = Release|x64
		{05DA260E-E185-4F44-882A-23669902CF74}.Release|x86.ActiveCfg = Release|Win32
		{05DA260E-E185-4F44-882A-23669902CF74}.Release|x86.Build.0 = Release|Win32
		{7F075526-3F82-448D-978B-6769419120E8}.Debug|x64.ActiveCfg = Debug|x64
		{7F075526-3F82-448D-978B-6769419120E8}.Debug|x64.Build.0 = Debug|x64
		{7F075526-3F82-448D-978B-6769419120E8}.Debug|x86.ActiveCfg = Debug|Win32
		{7F075526-3F82-448D-978B-6769419120E8}.Debug|x86.Build.0 = Debug|Win32
		{7F075526-3F82-448D-978B-6769419120E8}.Release|x64.ActiveCfg = Release|x64
		{7F075526-3F82-448D-978B-6769419120E8}.Release|x64.Build.0 = Release|x64
		{7F075526-3F82-448D-978B-6769419120E8}.Release|x86.ActiveCfg = Release|Win32
		{7F075526-3F82-448D-978B-6769419120E8}.Release|x86.Build.0 = Release|Win32
	EndGlobalSection
	GlobalSection(SolutionProperties) = preSolution
		HideSolutionNode = FALSE
	EndGlobalSection
	GlobalSection(ExtensibilityGlobals) = postSolution
		SolutionGuid = {BF7FDA33-8130-4B7B-A26C-64A588A8417E}
	EndGlobalSection
EndGlobal
